
Microsoft Visual Studio Solution File, Format Version 12.00
# Visual Studio Version 17
VisualStudioVersion = 17.2.32616.157
MinimumVisualStudioVersion = 10.0.40219.1
Project("{9A19103F-16F7-4668-BE54-9A1E7A4F7556}") = "SRP", "SRP\SRP.csproj", "{A49D0FF4-1159-4737-9875-4D7883FC9FD2}"
EndProject
Project("{9A19103F-16F7-4668-BE54-9A1E7A4F7556}") = "NinjaAttack", "NinjaAttack\NinjaAttack.csproj", "{C69BFA00-1D22-4F41-910D-C6529D052F58}"
EndProject
Project("{2150E333-8FDC-42A3-9474-1A3956D46DE8}") = "OCP", "OCP", "{A6F17638-0E4E-4B8E-9B5E-E856A487A687}"
EndProject
Project("{9A19103F-16F7-4668-BE54-9A1E7A4F7556}") = "CustomerMinimalAPI", "CustomerMinimalAPI\CustomerMinimalAPI.csproj", "{7537ABB8-4DFD-40DB-BDB7-22F0E6FD31BB}"
EndProject
Project("{FAE04EC0-301F-11D3-BF4B-00C04F79EFBC}") = "Strategy", "Strategy\Strategy.csproj", "{068D91EF-3C98-42A3-8F64-6BF16C58F0A1}"
EndProject
Global
	GlobalSection(SolutionConfigurationPlatforms) = preSolution
		Debug|Any CPU = Debug|Any CPU
		Release|Any CPU = Release|Any CPU
	EndGlobalSection
	GlobalSection(ProjectConfigurationPlatforms) = postSolution
		{A49D0FF4-1159-4737-9875-4D7883FC9FD2}.Debug|Any CPU.ActiveCfg = Debug|Any CPU
		{A49D0FF4-1159-4737-9875-4D7883FC9FD2}.Debug|Any CPU.Build.0 = Debug|Any CPU
		{A49D0FF4-1159-4737-9875-4D7883FC9FD2}.Release|Any CPU.ActiveCfg = Release|Any CPU
		{A49D0FF4-1159-4737-9875-4D7883FC9FD2}.Release|Any CPU.Build.0 = Release|Any CPU
		{C69BFA00-1D22-4F41-910D-C6529D052F58}.Debug|Any CPU.ActiveCfg = Debug|Any CPU
		{C69BFA00-1D22-4F41-910D-C6529D052F58}.Debug|Any CPU.Build.0 = Debug|Any CPU
		{C69BFA00-1D22-4F41-910D-C6529D052F58}.Release|Any CPU.ActiveCfg = Release|Any CPU
		{C69BFA00-1D22-4F41-910D-C6529D052F58}.Release|Any CPU.Build.0 = Release|Any CPU
		{7537ABB8-4DFD-40DB-BDB7-22F0E6FD31BB}.Debug|Any CPU.ActiveCfg = Debug|Any CPU
		{7537ABB8-4DFD-40DB-BDB7-22F0E6FD31BB}.Debug|Any CPU.Build.0 = Debug|Any CPU
		{7537ABB8-4DFD-40DB-BDB7-22F0E6FD31BB}.Release|Any CPU.ActiveCfg = Release|Any CPU
		{7537ABB8-4DFD-40DB-BDB7-22F0E6FD31BB}.Release|Any CPU.Build.0 = Release|Any CPU
		{068D91EF-3C98-42A3-8F64-6BF16C58F0A1}.Debug|Any CPU.ActiveCfg = Debug|Any CPU
		{068D91EF-3C98-42A3-8F64-6BF16C58F0A1}.Debug|Any CPU.Build.0 = Debug|Any CPU
		{068D91EF-3C98-42A3-8F64-6BF16C58F0A1}.Release|Any CPU.ActiveCfg = Release|Any CPU
		{068D91EF-3C98-42A3-8F64-6BF16C58F0A1}.Release|Any CPU.Build.0 = Release|Any CPU
	EndGlobalSection
	GlobalSection(SolutionProperties) = preSolution
		HideSolutionNode = FALSE
	EndGlobalSection
	GlobalSection(NestedProjects) = preSolution
		{C69BFA00-1D22-4F41-910D-C6529D052F58} = {A6F17638-0E4E-4B8E-9B5E-E856A487A687}
	EndGlobalSection
	GlobalSection(ExtensibilityGlobals) = postSolution
		SolutionGuid = {2B4D3E47-667E-47CF-9C50-59CAC1B8945D}
	EndGlobalSection
EndGlobal
